# This file was autogenerated by Stack.
# You should not edit this file by hand.
# For more information, please see the documentation at:
#   https://docs.haskellstack.org/en/stable/topics/lock_files

packages:
- completed:
    hackage: unix-compat-0.7.1@sha256:bd5bb4e04b2ed707f3e3466470a452354310389506cf0a7a73bf10e4d533f6d1,3619
    pantry-tree:
      sha256: c65e0937d1972e9a2824235082b6d8b70d4c3c60ce720ff11f5ab4e66fb6b85d
      size: 1329
  original:
    hackage: unix-compat-0.7.1@sha256:bd5bb4e04b2ed707f3e3466470a452354310389506cf0a7a73bf10e4d533f6d1,3619
- completed:
    hackage: thread-utils-context-0.3.0.4@sha256:e763da1c6cab3b6d378fb670ca74aa9bf03c9b61b6fcf7628c56363fb0e3e71e,1671
    pantry-tree:
      sha256: 57d909a991b5e0b4c7a28121cb52ee9c2db6c09e0419b89af6c82fae52be88d4
      size: 397
  original:
    hackage: thread-utils-context-0.3.0.4
- completed:
    hackage: thread-utils-finalizers-0.1.1.0@sha256:24944b71d9f1d01695a5908b4a3b44838fab870883114a323336d537995e0a5b,1381
    pantry-tree:
      sha256: 8c2c2e2e22c20bf3696ee6f30b50b3a9eeae187a22beb536441eefb0a3f9c549
      size: 400
  original:
    hackage: thread-utils-finalizers-0.1.1.0
- completed:
    hackage: proto-lens-0.7.1.6@sha256:73372bd1ee8ee9f6504d97a619a5d3f07897874ee709df1b415bb4db9ad2ecdb,2980
    pantry-tree:
      sha256: b1d47c6d8e1fd7fecfbfe4c398dd862ed4d28cff4fce74ca730d8810413cc15f
      size: 1857
  original:
    hackage: proto-lens-0.7.1.6
- completed:
    hackage: proto-lens-runtime-0.7.0.7@sha256:9144556f1a58945e455dd67431bd16d0bd6b2960732dd9b60aa44dd472123a50,3057
    pantry-tree:
      sha256: e17d6d14046e2b076e14835d5eaec84c7848352e54e67fe65d25a73f8d45fcda
      size: 168
  original:
    hackage: proto-lens-runtime-0.7.0.7
snapshots:
- completed:
    sha256: 08bd13ce621b41a8f5e51456b38d5b46d7783ce114a50ab604d6bbab0d002146
    size: 720271
    url: https://raw.githubusercontent.com/commercialhaskell/stackage-snapshots/master/lts/22/43.yaml
  original: lts-22.43
