# This file was autogenerated by Stack.
# You should not edit this file by hand.
# For more information, please see the documentation at:
#   https://docs.haskellstack.org/en/stable/lock_files

packages:
- completed:
    hackage: unix-compat-0.7.1@sha256:bd5bb4e04b2ed707f3e3466470a452354310389506cf0a7a73bf10e4d533f6d1,3619
    pantry-tree:
      sha256: c65e0937d1972e9a2824235082b6d8b70d4c3c60ce720ff11f5ab4e66fb6b85d
      size: 1329
  original:
    hackage: unix-compat-0.7.1@sha256:bd5bb4e04b2ed707f3e3466470a452354310389506cf0a7a73bf10e4d533f6d1,3619
- completed:
    hackage: thread-utils-context-0.3.0.4@sha256:e763da1c6cab3b6d378fb670ca74aa9bf03c9b61b6fcf7628c56363fb0e3e71e,1671
    pantry-tree:
      sha256: 57d909a991b5e0b4c7a28121cb52ee9c2db6c09e0419b89af6c82fae52be88d4
      size: 397
  original:
    hackage: thread-utils-context-0.3.0.4
- completed:
    hackage: thread-utils-finalizers-0.1.1.0@sha256:24944b71d9f1d01695a5908b4a3b44838fab870883114a323336d537995e0a5b,1381
    pantry-tree:
      sha256: 8c2c2e2e22c20bf3696ee6f30b50b3a9eeae187a22beb536441eefb0a3f9c549
      size: 400
  original:
    hackage: thread-utils-finalizers-0.1.1.0
- completed:
    hackage: proto-lens-0.7.1.1@sha256:8419e86fd7f521206a991c3ccb1777332a07a8250b380b06694f9f301b1ff38d,2972
    pantry-tree:
      sha256: 307d85c746f63db33ec7c0f7fe8a3b31d7b02e1bb42a7838f7271c3dd0e3d4ff
      size: 1857
  original:
    hackage: proto-lens-0.7.1.1
- completed:
    hackage: proto-lens-runtime-0.7.0.2@sha256:25d11fd08b56025c89e6be5da46f40a82bd845218b235b9e0114253b45caa074,3051
    pantry-tree:
      sha256: 99e2a2398324bb34159e634723ba644508eaf75e110d7c9e5110aa26cce2d07a
      size: 168
  original:
    hackage: proto-lens-runtime-0.7.0.2
snapshots:
- completed:
    sha256: e019cd29e3f7f9dbad500225829a3f7a50f73c674614f2f452e21bb8bf5d99ea
    size: 650253
    url: https://raw.githubusercontent.com/commercialhaskell/stackage-snapshots/master/lts/20/24.yaml
  original: lts-20.24
