# This file was autogenerated by Stack.
# You should not edit this file by hand.
# For more information, please see the documentation at:
#   https://docs.haskellstack.org/en/stable/lock_files

packages:
- completed:
    hackage: proto-lens-0.7.1.1@sha256:8419e86fd7f521206a991c3ccb1777332a07a8250b380b06694f9f301b1ff38d,2972
    pantry-tree:
      sha256: 307d85c746f63db33ec7c0f7fe8a3b31d7b02e1bb42a7838f7271c3dd0e3d4ff
      size: 1857
  original:
    hackage: proto-lens-0.7.1.1@sha256:8419e86fd7f521206a991c3ccb1777332a07a8250b380b06694f9f301b1ff38d,2972
- completed:
    hackage: proto-lens-runtime-0.7.0.2@sha256:25d11fd08b56025c89e6be5da46f40a82bd845218b235b9e0114253b45caa074,3051
    pantry-tree:
      sha256: 99e2a2398324bb34159e634723ba644508eaf75e110d7c9e5110aa26cce2d07a
      size: 168
  original:
    hackage: proto-lens-runtime-0.7.0.2@sha256:25d11fd08b56025c89e6be5da46f40a82bd845218b235b9e0114253b45caa074,3051
- completed:
    hackage: thread-utils-context-0.2.0.0@sha256:7863e568c7a43cd21616342d20484d4c962aaa9710619f104c6fb7ee32273940,1883
    pantry-tree:
      sha256: 605ea068880ad39c96fce0d91db9f2d54553ed43dfc41c37845fade8be2e9568
      size: 450
  original:
    hackage: thread-utils-context-0.2.0.0@sha256:7863e568c7a43cd21616342d20484d4c962aaa9710619f104c6fb7ee32273940,1883
- completed:
    hackage: thread-utils-finalizers-0.1.0.0@sha256:a8435240bfc0ae96c94704d2986699a11a395c496f9a7f2e5f5d729a0b967549,1381
    pantry-tree:
      sha256: 7f708d158d5d0e32ffe77f6375a792ceb6f92e4d8dd8b32fc69e7de962e7e518
      size: 400
  original:
    hackage: thread-utils-finalizers-0.1.0.0@sha256:a8435240bfc0ae96c94704d2986699a11a395c496f9a7f2e5f5d729a0b967549,1381
snapshots:
- completed:
    sha256: a684cdbdf9304b325a503e0fe1d9648e9c18155ce4c7cfebbe8a7f93674e6295
    size: 649106
    url: https://raw.githubusercontent.com/commercialhaskell/stackage-snapshots/master/lts/20/5.yaml
  original: lts-20.5
