# This file was autogenerated by Stack.
# You should not edit this file by hand.
# For more information, please see the documentation at:
#   https://docs.haskellstack.org/en/stable/lock_files

packages:
- completed:
    hackage: honeycomb-0.0.0.3@sha256:362c3d7c703677d044d601a2b7b9b99912434a9b730d271389e21593fd3cfb89,2611
    pantry-tree:
      size: 1255
      sha256: 5dc768276e48558321f57338bd2656213d04ffb1e67b8441a7f136010ff0d4c2
  original:
    hackage: honeycomb-0.0.0.3
- completed:
    hackage: thread-utils-context-0.2.0.0@sha256:7863e568c7a43cd21616342d20484d4c962aaa9710619f104c6fb7ee32273940,1883
    pantry-tree:
      size: 450
      sha256: 605ea068880ad39c96fce0d91db9f2d54553ed43dfc41c37845fade8be2e9568
  original:
    hackage: thread-utils-context-0.2.0.0
- completed:
    hackage: thread-utils-finalizers-0.1.0.0@sha256:a8435240bfc0ae96c94704d2986699a11a395c496f9a7f2e5f5d729a0b967549,1381
    pantry-tree:
      size: 400
      sha256: 7f708d158d5d0e32ffe77f6375a792ceb6f92e4d8dd8b32fc69e7de962e7e518
  original:
    hackage: thread-utils-finalizers-0.1.0.0
- completed:
    subdir: persistent
    name: persistent
    version: 2.14.0.0
    git: https://github.com/iand675/persistent.git
    pantry-tree:
      size: 5935
      sha256: 3fcc9cd4cccce8f11a9f1b537d7aa0fdf0bb9dc9db845868360cfe05281eba58
    commit: 9123aa3405547d9204c43501c2ba253a93437021
  original:
    subdir: persistent
    git: https://github.com/iand675/persistent.git
    commit: 9123aa3405547d9204c43501c2ba253a93437021
- completed:
    subdir: persistent-postgresql
    name: persistent-postgresql
    version: 2.14.0.0
    git: https://github.com/iand675/persistent.git
    pantry-tree:
      size: 1245
      sha256: 4f90d86af8dbc0f0c1391ac4948b3f82da75944c0cf9faeac63596eeec7e8a90
    commit: 9123aa3405547d9204c43501c2ba253a93437021
  original:
    subdir: persistent-postgresql
    git: https://github.com/iand675/persistent.git
    commit: 9123aa3405547d9204c43501c2ba253a93437021
- completed:
    hackage: proto-lens-0.7.1.0@sha256:b151890929e71db5b8c2ad86cd758bcdf1dfcf25f34eb6c9ce19e3d7cd4eae39,2959
    pantry-tree:
      size: 1857
      sha256: 2f1199d04d0588805e06faa0bf9a75898584d76243d4f945acbcc0e93913732e
  original:
    hackage: proto-lens-0.7.1.0
- completed:
    hackage: proto-lens-runtime-0.7.0.1@sha256:703f327422b2e204f8ea13c5e178edd8ab42ccd01c7a5a89fcb1b37ab474c68a,3038
    pantry-tree:
      size: 168
      sha256: 145cb9a15b73d45b07cb3f9f0716256b2ed9e27ac296268ce100a4f0e477e110
  original:
    hackage: proto-lens-runtime-0.7.0.1
snapshots:
- completed:
    size: 586923
    url: https://raw.githubusercontent.com/commercialhaskell/stackage-snapshots/master/lts/18/9.yaml
    sha256: 9f9fe35c949414146840a985fb228fd397c504d1781b834bfc9ab935f4d27df6
  original:
    url: https://raw.githubusercontent.com/commercialhaskell/stackage-snapshots/master/lts/18/9.yaml
