# This file was autogenerated by Stack.
# You should not edit this file by hand.
# For more information, please see the documentation at:
#   https://docs.haskellstack.org/en/stable/topics/lock_files

packages:
- completed:
    hackage: unix-compat-0.7.1@sha256:bd5bb4e04b2ed707f3e3466470a452354310389506cf0a7a73bf10e4d533f6d1,3619
    pantry-tree:
      sha256: c65e0937d1972e9a2824235082b6d8b70d4c3c60ce720ff11f5ab4e66fb6b85d
      size: 1329
  original:
    hackage: unix-compat-0.7.1@sha256:bd5bb4e04b2ed707f3e3466470a452354310389506cf0a7a73bf10e4d533f6d1,3619
- completed:
    hackage: thread-utils-context-0.4.1.0@sha256:1de6cceba464ed69689bebf3b3a6867747a6b32fde9a56360dcbe8c555f23981,2274
    pantry-tree:
      sha256: 626d897e901b77f20b0ed28cdb28e9aff123c76d59a8d2132c395cb0dcd9efad
      size: 632
  original:
    hackage: thread-utils-context-0.4.1.0
- completed:
    hackage: thread-utils-finalizers-0.1.1.0@sha256:24944b71d9f1d01695a5908b4a3b44838fab870883114a323336d537995e0a5b,1381
    pantry-tree:
      sha256: 8c2c2e2e22c20bf3696ee6f30b50b3a9eeae187a22beb536441eefb0a3f9c549
      size: 400
  original:
    hackage: thread-utils-finalizers-0.1.1.0
- completed:
    hackage: proto-lens-0.7.1.6@sha256:404f1efda14ca71b01427848478286518cd36c289649d0cb73c66e2d60a599e5,3106
    pantry-tree:
      sha256: 401cb282da8849cab13e792881777aa1984ced5a8e1895a5178ab618bca4008b
      size: 1857
  original:
    hackage: proto-lens-0.7.1.6
- completed:
    hackage: proto-lens-runtime-0.7.0.7@sha256:04ba63ccd3f06e5840e8283af781f1be7d95a0fee22b0e6819c818456a5c2d27,3137
    pantry-tree:
      sha256: 72911336ddffdc9d2e8adc389aa0138110f1574590b898f63781fa7dcf093a93
      size: 168
  original:
    hackage: proto-lens-runtime-0.7.0.7
snapshots:
- completed:
    sha256: 6406d8039dd538f18fc0d242f01c7066ee386d81ba3c8751b914ac1ae193ec5d
    size: 728959
    url: https://raw.githubusercontent.com/commercialhaskell/stackage-snapshots/master/lts/24/35.yaml
  original: lts-24.35
